
Microsoft Visual Studio Solution File, Format Version 12.00
# Visual Studio 15
VisualStudioVersion = 15.0.26124.0
MinimumVisualStudioVersion = 15.0.26124.0
Project("{2150E333-8FDC-42A3-9474-1A3956D46DE8}") = "src", "src", "{391E22E5-7310-4C2C-811A-8F0081E45FE2}"
EndProject
Project("{FAE04EC0-301F-11D3-BF4B-00C04F79EFBC}") = "Backlog.Core", "src\Backlog.Core\Backlog.Core.csproj", "{22DC5162-A8B0-4990-B5AF-9DB4A0D72035}"
EndProject
Project("{FAE04EC0-301F-11D3-BF4B-00C04F79EFBC}") = "Backlog.Domain", "src\Backlog.Domain\Backlog.Domain.csproj", "{DE08207F-F05C-416D-ADE7-C51AB9C2EED5}"
EndProject
Project("{FAE04EC0-301F-11D3-BF4B-00C04F79EFBC}") = "Backlog.Api", "src\Backlog.Api\Backlog.Api.csproj", "{21FC705D-3BB3-4766-9EBD-3ADAB144C102}"
EndProject
Project("{2150E333-8FDC-42A3-9474-1A3956D46DE8}") = "test", "test", "{008CBABB-92CB-4AA3-B133-B297D520A61D}"
EndProject
Project("{FAE04EC0-301F-11D3-BF4B-00C04F79EFBC}") = "IntegrationTests", "test\IntegrationTests\IntegrationTests.csproj", "{6CE0E6CC-CAB6-4740-B20E-A8B80EAE9602}"
EndProject
Project("{FAE04EC0-301F-11D3-BF4B-00C04F79EFBC}") = "UnitTests", "test\UnitTests\UnitTests.csproj", "{81493E36-1D21-4373-BEE1-14C6C4DD2A0D}"
EndProject
Global
	GlobalSection(SolutionConfigurationPlatforms) = preSolution
		Debug|Any CPU = Debug|Any CPU
		Debug|x64 = Debug|x64
		Debug|x86 = Debug|x86
		Release|Any CPU = Release|Any CPU
		Release|x64 = Release|x64
		Release|x86 = Release|x86
	EndGlobalSection
	GlobalSection(SolutionProperties) = preSolution
		HideSolutionNode = FALSE
	EndGlobalSection
	GlobalSection(ProjectConfigurationPlatforms) = postSolution
		{22DC5162-A8B0-4990-B5AF-9DB4A0D72035}.Debug|Any CPU.ActiveCfg = Debug|Any CPU
		{22DC5162-A8B0-4990-B5AF-9DB4A0D72035}.Debug|Any CPU.Build.0 = Debug|Any CPU
		{22DC5162-A8B0-4990-B5AF-9DB4A0D72035}.Debug|x64.ActiveCfg = Debug|Any CPU
		{22DC5162-A8B0-4990-B5AF-9DB4A0D72035}.Debug|x64.Build.0 = Debug|Any CPU
		{22DC5162-A8B0-4990-B5AF-9DB4A0D72035}.Debug|x86.ActiveCfg = Debug|Any CPU
		{22DC5162-A8B0-4990-B5AF-9DB4A0D72035}.Debug|x86.Build.0 = Debug|Any CPU
		{22DC5162-A8B0-4990-B5AF-9DB4A0D72035}.Release|Any CPU.ActiveCfg = Release|Any CPU
		{22DC5162-A8B0-4990-B5AF-9DB4A0D72035}.Release|Any CPU.Build.0 = Release|Any CPU
		{22DC5162-A8B0-4990-B5AF-9DB4A0D72035}.Release|x64.ActiveCfg = Release|Any CPU
		{22DC5162-A8B0-4990-B5AF-9DB4A0D72035}.Release|x64.Build.0 = Release|Any CPU
		{22DC5162-A8B0-4990-B5AF-9DB4A0D72035}.Release|x86.ActiveCfg = Release|Any CPU
		{22DC5162-A8B0-4990-B5AF-9DB4A0D72035}.Release|x86.Build.0 = Release|Any CPU
		{DE08207F-F05C-416D-ADE7-C51AB9C2EED5}.Debug|Any CPU.ActiveCfg = Debug|Any CPU
		{DE08207F-F05C-416D-ADE7-C51AB9C2EED5}.Debug|Any CPU.Build.0 = Debug|Any CPU
		{DE08207F-F05C-416D-ADE7-C51AB9C2EED5}.Debug|x64.ActiveCfg = Debug|Any CPU
		{DE08207F-F05C-416D-ADE7-C51AB9C2EED5}.Debug|x64.Build.0 = Debug|Any CPU
		{DE08207F-F05C-416D-ADE7-C51AB9C2EED5}.Debug|x86.ActiveCfg = Debug|Any CPU
		{DE08207F-F05C-416D-ADE7-C51AB9C2EED5}.Debug|x86.Build.0 = Debug|Any CPU
		{DE08207F-F05C-416D-ADE7-C51AB9C2EED5}.Release|Any CPU.ActiveCfg = Release|Any CPU
		{DE08207F-F05C-416D-ADE7-C51AB9C2EED5}.Release|Any CPU.Build.0 = Release|Any CPU
		{DE08207F-F05C-416D-ADE7-C51AB9C2EED5}.Release|x64.ActiveCfg = Release|Any CPU
		{DE08207F-F05C-416D-ADE7-C51AB9C2EED5}.Release|x64.Build.0 = Release|Any CPU
		{DE08207F-F05C-416D-ADE7-C51AB9C2EED5}.Release|x86.ActiveCfg = Release|Any CPU
		{DE08207F-F05C-416D-ADE7-C51AB9C2EED5}.Release|x86.Build.0 = Release|Any CPU
		{21FC705D-3BB3-4766-9EBD-3ADAB144C102}.Debug|Any CPU.ActiveCfg = Debug|Any CPU
		{21FC705D-3BB3-4766-9EBD-3ADAB144C102}.Debug|Any CPU.Build.0 = Debug|Any CPU
		{21FC705D-3BB3-4766-9EBD-3ADAB144C102}.Debug|x64.ActiveCfg = Debug|Any CPU
		{21FC705D-3BB3-4766-9EBD-3ADAB144C102}.Debug|x64.Build.0 = Debug|Any CPU
		{21FC705D-3BB3-4766-9EBD-3ADAB144C102}.Debug|x86.ActiveCfg = Debug|Any CPU
		{21FC705D-3BB3-4766-9EBD-3ADAB144C102}.Debug|x86.Build.0 = Debug|Any CPU
		{21FC705D-3BB3-4766-9EBD-3ADAB144C102}.Release|Any CPU.ActiveCfg = Release|Any CPU
		{21FC705D-3BB3-4766-9EBD-3ADAB144C102}.Release|Any CPU.Build.0 = Release|Any CPU
		{21FC705D-3BB3-4766-9EBD-3ADAB144C102}.Release|x64.ActiveCfg = Release|Any CPU
		{21FC705D-3BB3-4766-9EBD-3ADAB144C102}.Release|x64.Build.0 = Release|Any CPU
		{21FC705D-3BB3-4766-9EBD-3ADAB144C102}.Release|x86.ActiveCfg = Release|Any CPU
		{21FC705D-3BB3-4766-9EBD-3ADAB144C102}.Release|x86.Build.0 = Release|Any CPU
		{6CE0E6CC-CAB6-4740-B20E-A8B80EAE9602}.Debug|Any CPU.ActiveCfg = Debug|Any CPU
		{6CE0E6CC-CAB6-4740-B20E-A8B80EAE9602}.Debug|Any CPU.Build.0 = Debug|Any CPU
		{6CE0E6CC-CAB6-4740-B20E-A8B80EAE9602}.Debug|x64.ActiveCfg = Debug|Any CPU
		{6CE0E6CC-CAB6-4740-B20E-A8B80EAE9602}.Debug|x64.Build.0 = Debug|Any CPU
		{6CE0E6CC-CAB6-4740-B20E-A8B80EAE9602}.Debug|x86.ActiveCfg = Debug|Any CPU
		{6CE0E6CC-CAB6-4740-B20E-A8B80EAE9602}.Debug|x86.Build.0 = Debug|Any CPU
		{6CE0E6CC-CAB6-4740-B20E-A8B80EAE9602}.Release|Any CPU.ActiveCfg = Release|Any CPU
		{6CE0E6CC-CAB6-4740-B20E-A8B80EAE9602}.Release|Any CPU.Build.0 = Release|Any CPU
		{6CE0E6CC-CAB6-4740-B20E-A8B80EAE9602}.Release|x64.ActiveCfg = Release|Any CPU
		{6CE0E6CC-CAB6-4740-B20E-A8B80EAE9602}.Release|x64.Build.0 = Release|Any CPU
		{6CE0E6CC-CAB6-4740-B20E-A8B80EAE9602}.Release|x86.ActiveCfg = Release|Any CPU
		{6CE0E6CC-CAB6-4740-B20E-A8B80EAE9602}.Release|x86.Build.0 = Release|Any CPU
		{81493E36-1D21-4373-BEE1-14C6C4DD2A0D}.Debug|Any CPU.ActiveCfg = Debug|Any CPU
		{81493E36-1D21-4373-BEE1-14C6C4DD2A0D}.Debug|Any CPU.Build.0 = Debug|Any CPU
		{81493E36-1D21-4373-BEE1-14C6C4DD2A0D}.Debug|x64.ActiveCfg = Debug|Any CPU
		{81493E36-1D21-4373-BEE1-14C6C4DD2A0D}.Debug|x64.Build.0 = Debug|Any CPU
		{81493E36-1D21-4373-BEE1-14C6C4DD2A0D}.Debug|x86.ActiveCfg = Debug|Any CPU
		{81493E36-1D21-4373-BEE1-14C6C4DD2A0D}.Debug|x86.Build.0 = Debug|Any CPU
		{81493E36-1D21-4373-BEE1-14C6C4DD2A0D}.Release|Any CPU.ActiveCfg = Release|Any CPU
		{81493E36-1D21-4373-BEE1-14C6C4DD2A0D}.Release|Any CPU.Build.0 = Release|Any CPU
		{81493E36-1D21-4373-BEE1-14C6C4DD2A0D}.Release|x64.ActiveCfg = Release|Any CPU
		{81493E36-1D21-4373-BEE1-14C6C4DD2A0D}.Release|x64.Build.0 = Release|Any CPU
		{81493E36-1D21-4373-BEE1-14C6C4DD2A0D}.Release|x86.ActiveCfg = Release|Any CPU
		{81493E36-1D21-4373-BEE1-14C6C4DD2A0D}.Release|x86.Build.0 = Release|Any CPU
	EndGlobalSection
	GlobalSection(NestedProjects) = preSolution
		{22DC5162-A8B0-4990-B5AF-9DB4A0D72035} = {391E22E5-7310-4C2C-811A-8F0081E45FE2}
		{DE08207F-F05C-416D-ADE7-C51AB9C2EED5} = {391E22E5-7310-4C2C-811A-8F0081E45FE2}
		{21FC705D-3BB3-4766-9EBD-3ADAB144C102} = {391E22E5-7310-4C2C-811A-8F0081E45FE2}
		{6CE0E6CC-CAB6-4740-B20E-A8B80EAE9602} = {008CBABB-92CB-4AA3-B133-B297D520A61D}
		{81493E36-1D21-4373-BEE1-14C6C4DD2A0D} = {008CBABB-92CB-4AA3-B133-B297D520A61D}
	EndGlobalSection
EndGlobal
