Microsoft Visual Studio Solution File, Format Version 12.00
# Visual Studio 15
VisualStudioVersion = 15.0.27130.2024
MinimumVisualStudioVersion = 10.0.40219.1
Project("{FAE04EC0-301F-11D3-BF4B-00C04F79EFBC}") = "Backlog", "src\Backlog\Backlog.csproj", "{BA3A0650-A18B-4731-8EAA-F73868320EF7}"
EndProject
Project("{2150E333-8FDC-42A3-9474-1A3956D46DE8}") = "src", "src", "{577D1079-2A97-484B-B4D4-3146432D8009}"
EndProject
Project("{2150E333-8FDC-42A3-9474-1A3956D46DE8}") = "tests", "tests", "{544B5B77-75EB-4524-9176-B22FA9257CCB}"
EndProject
Project("{9A19103F-16F7-4668-BE54-9A1E7A4F7556}") = "Backlog.Core", "src\Backlog.Core\Backlog.Core.csproj", "{0E91F7CD-83BB-43FD-9B63-FC9B83494452}"
EndProject
Project("{9A19103F-16F7-4668-BE54-9A1E7A4F7556}") = "Backlog.Infrastructure", "src\Backlog.Infrastructure\Backlog.Infrastructure.csproj", "{43BC2FA0-B7F5-4C69-B3B4-6B61E3F78871}"
EndProject
Project("{9A19103F-16F7-4668-BE54-9A1E7A4F7556}") = "Backlog.API", "src\Backlog.API\Backlog.API.csproj", "{29A768FF-39F4-4066-8DCA-FBD124737830}"
EndProject
Project("{9A19103F-16F7-4668-BE54-9A1E7A4F7556}") = "Backlog.STS", "src\Backlog.STS\Backlog.STS.csproj", "{B600491D-26FC-4584-883D-77237515DFF0}"
EndProject
Global
	GlobalSection(SolutionConfigurationPlatforms) = preSolution
		Debug|Any CPU = Debug|Any CPU
		Release|Any CPU = Release|Any CPU
	EndGlobalSection
	GlobalSection(ProjectConfigurationPlatforms) = postSolution
		{BA3A0650-A18B-4731-8EAA-F73868320EF7}.Debug|Any CPU.ActiveCfg = Debug|Any CPU
		{BA3A0650-A18B-4731-8EAA-F73868320EF7}.Debug|Any CPU.Build.0 = Debug|Any CPU
		{BA3A0650-A18B-4731-8EAA-F73868320EF7}.Release|Any CPU.ActiveCfg = Release|Any CPU
		{BA3A0650-A18B-4731-8EAA-F73868320EF7}.Release|Any CPU.Build.0 = Release|Any CPU
		{0E91F7CD-83BB-43FD-9B63-FC9B83494452}.Debug|Any CPU.ActiveCfg = Debug|Any CPU
		{0E91F7CD-83BB-43FD-9B63-FC9B83494452}.Debug|Any CPU.Build.0 = Debug|Any CPU
		{0E91F7CD-83BB-43FD-9B63-FC9B83494452}.Release|Any CPU.ActiveCfg = Release|Any CPU
		{0E91F7CD-83BB-43FD-9B63-FC9B83494452}.Release|Any CPU.Build.0 = Release|Any CPU
		{43BC2FA0-B7F5-4C69-B3B4-6B61E3F78871}.Debug|Any CPU.ActiveCfg = Debug|Any CPU
		{43BC2FA0-B7F5-4C69-B3B4-6B61E3F78871}.Debug|Any CPU.Build.0 = Debug|Any CPU
		{43BC2FA0-B7F5-4C69-B3B4-6B61E3F78871}.Release|Any CPU.ActiveCfg = Release|Any CPU
		{43BC2FA0-B7F5-4C69-B3B4-6B61E3F78871}.Release|Any CPU.Build.0 = Release|Any CPU
		{29A768FF-39F4-4066-8DCA-FBD124737830}.Debug|Any CPU.ActiveCfg = Debug|Any CPU
		{29A768FF-39F4-4066-8DCA-FBD124737830}.Debug|Any CPU.Build.0 = Debug|Any CPU
		{29A768FF-39F4-4066-8DCA-FBD124737830}.Release|Any CPU.ActiveCfg = Release|Any CPU
		{29A768FF-39F4-4066-8DCA-FBD124737830}.Release|Any CPU.Build.0 = Release|Any CPU
		{B600491D-26FC-4584-883D-77237515DFF0}.Debug|Any CPU.ActiveCfg = Debug|Any CPU
		{B600491D-26FC-4584-883D-77237515DFF0}.Debug|Any CPU.Build.0 = Debug|Any CPU
		{B600491D-26FC-4584-883D-77237515DFF0}.Release|Any CPU.ActiveCfg = Release|Any CPU
		{B600491D-26FC-4584-883D-77237515DFF0}.Release|Any CPU.Build.0 = Release|Any CPU
	EndGlobalSection
	GlobalSection(SolutionProperties) = preSolution
		HideSolutionNode = FALSE
	EndGlobalSection
	GlobalSection(NestedProjects) = preSolution
		{BA3A0650-A18B-4731-8EAA-F73868320EF7} = {577D1079-2A97-484B-B4D4-3146432D8009}
		{0E91F7CD-83BB-43FD-9B63-FC9B83494452} = {577D1079-2A97-484B-B4D4-3146432D8009}
		{43BC2FA0-B7F5-4C69-B3B4-6B61E3F78871} = {577D1079-2A97-484B-B4D4-3146432D8009}
		{29A768FF-39F4-4066-8DCA-FBD124737830} = {577D1079-2A97-484B-B4D4-3146432D8009}
		{B600491D-26FC-4584-883D-77237515DFF0} = {577D1079-2A97-484B-B4D4-3146432D8009}
	EndGlobalSection
	GlobalSection(ExtensibilityGlobals) = postSolution
		SolutionGuid = {86871169-7749-4C51-943A-CF8E111559AF}
	EndGlobalSection
EndGlobal
