Microsoft Visual Studio Solution File, Format Version 12.00
# Visual Studio 15
VisualStudioVersion = 15.0.26430.13
MinimumVisualStudioVersion = 10.0.40219.1
Project("{FAE04EC0-301F-11D3-BF4B-00C04F79EFBC}") = "Backlog", "src\Backlog\Backlog.csproj", "{BA3A0650-A18B-4731-8EAA-F73868320EF7}"
EndProject
Project("{2150E333-8FDC-42A3-9474-1A3956D46DE8}") = "src", "src", "{577D1079-2A97-484B-B4D4-3146432D8009}"
EndProject
Project("{FAE04EC0-301F-11D3-BF4B-00C04F79EFBC}") = "Backlog.SelfHost", "src\Backlog.SelfHost\Backlog.SelfHost.csproj", "{168F3B2A-41C3-4BE3-9F6B-043D21CFDB04}"
EndProject
Project("{FAE04EC0-301F-11D3-BF4B-00C04F79EFBC}") = "Backlog.Cli", "src\Backlog.Cli\Backlog.Cli.csproj", "{1F0CBCF9-E9DB-46B5-9111-7C2EBDA735DC}"
EndProject
Project("{2150E333-8FDC-42A3-9474-1A3956D46DE8}") = "tests", "tests", "{544B5B77-75EB-4524-9176-B22FA9257CCB}"
EndProject
Project("{FAE04EC0-301F-11D3-BF4B-00C04F79EFBC}") = "Backlog.IntegrationTests", "tests\Backlog.IntegrationTests\Backlog.IntegrationTests.csproj", "{E6726239-B18F-4F03-84BD-50B042DEA483}"
EndProject
Project("{FAE04EC0-301F-11D3-BF4B-00C04F79EFBC}") = "Backlog.UnitTests", "tests\Backlog.UnitTests\Backlog.UnitTests.csproj", "{69BCB894-A296-4AE0-A07D-650D4699DCA2}"
EndProject
Project("{FAE04EC0-301F-11D3-BF4B-00C04F79EFBC}") = "EntityFramework.Testing", "tests\EntityFramework.Testing\EntityFramework.Testing.csproj", "{60EAB600-983D-432A-AACB-8CCF50CC7625}"
EndProject
Project("{FAE04EC0-301F-11D3-BF4B-00C04F79EFBC}") = "Backlog.Frontend", "src\Backlog.Frontend\Backlog.Frontend.csproj", "{94EAFF2E-6328-4353-B0EA-1FE5E09583C9}"
EndProject
Project("{FAE04EC0-301F-11D3-BF4B-00C04F79EFBC}") = "Backlog.Frontend.AngularClient", "src\Backlog.Frontend.AngularClient\Backlog.Frontend.AngularClient.csproj", "{E3F5734B-94DA-40AA-A453-004FFEFE6B0E}"
EndProject
Global
	GlobalSection(SolutionConfigurationPlatforms) = preSolution
		Debug|Any CPU = Debug|Any CPU
		Release|Any CPU = Release|Any CPU
	EndGlobalSection
	GlobalSection(ProjectConfigurationPlatforms) = postSolution
		{BA3A0650-A18B-4731-8EAA-F73868320EF7}.Debug|Any CPU.ActiveCfg = Debug|Any CPU
		{BA3A0650-A18B-4731-8EAA-F73868320EF7}.Debug|Any CPU.Build.0 = Debug|Any CPU
		{BA3A0650-A18B-4731-8EAA-F73868320EF7}.Release|Any CPU.ActiveCfg = Release|Any CPU
		{BA3A0650-A18B-4731-8EAA-F73868320EF7}.Release|Any CPU.Build.0 = Release|Any CPU
		{168F3B2A-41C3-4BE3-9F6B-043D21CFDB04}.Debug|Any CPU.ActiveCfg = Debug|Any CPU
		{168F3B2A-41C3-4BE3-9F6B-043D21CFDB04}.Debug|Any CPU.Build.0 = Debug|Any CPU
		{168F3B2A-41C3-4BE3-9F6B-043D21CFDB04}.Release|Any CPU.ActiveCfg = Release|Any CPU
		{168F3B2A-41C3-4BE3-9F6B-043D21CFDB04}.Release|Any CPU.Build.0 = Release|Any CPU
		{1F0CBCF9-E9DB-46B5-9111-7C2EBDA735DC}.Debug|Any CPU.ActiveCfg = Debug|Any CPU
		{1F0CBCF9-E9DB-46B5-9111-7C2EBDA735DC}.Debug|Any CPU.Build.0 = Debug|Any CPU
		{1F0CBCF9-E9DB-46B5-9111-7C2EBDA735DC}.Release|Any CPU.ActiveCfg = Release|Any CPU
		{1F0CBCF9-E9DB-46B5-9111-7C2EBDA735DC}.Release|Any CPU.Build.0 = Release|Any CPU
		{E6726239-B18F-4F03-84BD-50B042DEA483}.Debug|Any CPU.ActiveCfg = Debug|Any CPU
		{E6726239-B18F-4F03-84BD-50B042DEA483}.Debug|Any CPU.Build.0 = Debug|Any CPU
		{E6726239-B18F-4F03-84BD-50B042DEA483}.Release|Any CPU.ActiveCfg = Release|Any CPU
		{E6726239-B18F-4F03-84BD-50B042DEA483}.Release|Any CPU.Build.0 = Release|Any CPU
		{69BCB894-A296-4AE0-A07D-650D4699DCA2}.Debug|Any CPU.ActiveCfg = Debug|Any CPU
		{69BCB894-A296-4AE0-A07D-650D4699DCA2}.Debug|Any CPU.Build.0 = Debug|Any CPU
		{69BCB894-A296-4AE0-A07D-650D4699DCA2}.Release|Any CPU.ActiveCfg = Release|Any CPU
		{69BCB894-A296-4AE0-A07D-650D4699DCA2}.Release|Any CPU.Build.0 = Release|Any CPU
		{60EAB600-983D-432A-AACB-8CCF50CC7625}.Debug|Any CPU.ActiveCfg = Debug|Any CPU
		{60EAB600-983D-432A-AACB-8CCF50CC7625}.Debug|Any CPU.Build.0 = Debug|Any CPU
		{60EAB600-983D-432A-AACB-8CCF50CC7625}.Release|Any CPU.ActiveCfg = Release|Any CPU
		{60EAB600-983D-432A-AACB-8CCF50CC7625}.Release|Any CPU.Build.0 = Release|Any CPU
		{94EAFF2E-6328-4353-B0EA-1FE5E09583C9}.Debug|Any CPU.ActiveCfg = Debug|Any CPU
		{94EAFF2E-6328-4353-B0EA-1FE5E09583C9}.Debug|Any CPU.Build.0 = Debug|Any CPU
		{94EAFF2E-6328-4353-B0EA-1FE5E09583C9}.Release|Any CPU.ActiveCfg = Release|Any CPU
		{94EAFF2E-6328-4353-B0EA-1FE5E09583C9}.Release|Any CPU.Build.0 = Release|Any CPU
		{E3F5734B-94DA-40AA-A453-004FFEFE6B0E}.Debug|Any CPU.ActiveCfg = Debug|Any CPU
		{E3F5734B-94DA-40AA-A453-004FFEFE6B0E}.Debug|Any CPU.Build.0 = Debug|Any CPU
		{E3F5734B-94DA-40AA-A453-004FFEFE6B0E}.Release|Any CPU.ActiveCfg = Release|Any CPU
		{E3F5734B-94DA-40AA-A453-004FFEFE6B0E}.Release|Any CPU.Build.0 = Release|Any CPU
	EndGlobalSection
	GlobalSection(SolutionProperties) = preSolution
		HideSolutionNode = FALSE
	EndGlobalSection
	GlobalSection(NestedProjects) = preSolution
		{BA3A0650-A18B-4731-8EAA-F73868320EF7} = {577D1079-2A97-484B-B4D4-3146432D8009}
		{168F3B2A-41C3-4BE3-9F6B-043D21CFDB04} = {577D1079-2A97-484B-B4D4-3146432D8009}
		{1F0CBCF9-E9DB-46B5-9111-7C2EBDA735DC} = {577D1079-2A97-484B-B4D4-3146432D8009}
		{E6726239-B18F-4F03-84BD-50B042DEA483} = {544B5B77-75EB-4524-9176-B22FA9257CCB}
		{69BCB894-A296-4AE0-A07D-650D4699DCA2} = {544B5B77-75EB-4524-9176-B22FA9257CCB}
		{60EAB600-983D-432A-AACB-8CCF50CC7625} = {544B5B77-75EB-4524-9176-B22FA9257CCB}
		{94EAFF2E-6328-4353-B0EA-1FE5E09583C9} = {577D1079-2A97-484B-B4D4-3146432D8009}
		{E3F5734B-94DA-40AA-A453-004FFEFE6B0E} = {577D1079-2A97-484B-B4D4-3146432D8009}
	EndGlobalSection
EndGlobal
